
Microsoft Visual Studio Solution File, Format Version 12.00
# Visual Studio Version 17
VisualStudioVersion = 17.13.35919.96 d17.13
MinimumVisualStudioVersion = 10.0.40219.1
Project("{8BC9CEB8-8B4A-11D0-8D11-00A0C91BC942}") = "typing_speed_test", "typing_speed_test.vcxproj", "{5EC9B809-E261-408E-A710-BDADAD6E854D}"
EndProject
Global
	GlobalSection(SolutionConfigurationPlatforms) = preSolution
		Debug|x64 = Debug|x64
		Debug|x86 = Debug|x86
		Release|x64 = Release|x64
		Release|x86 = Release|x86
	EndGlobalSection
	GlobalSection(ProjectConfigurationPlatforms) = postSolution
		{5EC9B809-E261-408E-A710-BDADAD6E854D}.Debug|x64.ActiveCfg = Debug|x64
		{5EC9B809-E261-408E-A710-BDADAD6E854D}.Debug|x64.Build.0 = Debug|x64
		{5EC9B809-E261-408E-A710-BDADAD6E854D}.Debug|x86.ActiveCfg = Debug|Win32
		{5EC9B809-E261-408E-A710-BDADAD6E854D}.Debug|x86.Build.0 = Debug|Win32
		{5EC9B809-E261-408E-A710-BDADAD6E854D}.Release|x64.ActiveCfg = Release|x64
		{5EC9B809-E261-408E-A710-BDADAD6E854D}.Release|x64.Build.0 = Release|x64
		{5EC9B809-E261-408E-A710-BDADAD6E854D}.Release|x86.ActiveCfg = Release|Win32
		{5EC9B809-E261-408E-A710-BDADAD6E854D}.Release|x86.Build.0 = Release|Win32
	EndGlobalSection
	GlobalSection(SolutionProperties) = preSolution
		HideSolutionNode = FALSE
	EndGlobalSection
	GlobalSection(ExtensibilityGlobals) = postSolution
		SolutionGuid = {9B3CA352-DCA4-4269-B4A6-ACA9FA758E87}
	EndGlobalSection
EndGlobal
